// !$*UTF8*$!
{
	archiveVersion = 1;
	classes = {
	};
	objectVersion = 50;
	objects = {

/* Begin PBXBuildFile section */
		173842CA23E7AE0C00792C9E /* ProcessedViewController.swift in Sources */ = {isa = PBXBuildFile; fileRef = 173842C923E7AE0C00792C9E /* ProcessedViewController.swift */; };
		173842CE23E7B20500792C9E /* ProcessedViewWindowController.swift in Sources */ = {isa = PBXBuildFile; fileRef = 173842CD23E7B20500792C9E /* ProcessedViewWindowController.swift */; };
		178828A823E90E310041C2D1 /* PSCNNode.swift in Sources */ = {isa = PBXBuildFile; fileRef = 178828A723E90E310041C2D1 /* PSCNNode.swift */; };
		17897B8323E6A77300AFDA6A /* AppDelegate.swift in Sources */ = {isa = PBXBuildFile; fileRef = 17897B8223E6A77300AFDA6A /* AppDelegate.swift */; };
		17897B8523E6A77300AFDA6A /* ViewController.swift in Sources */ = {isa = PBXBuildFile; fileRef = 17897B8423E6A77300AFDA6A /* ViewController.swift */; };
		17897B8723E6A77500AFDA6A /* Assets.xcassets in Resources */ = {isa = PBXBuildFile; fileRef = 17897B8623E6A77500AFDA6A /* Assets.xcassets */; };
		17897B8A23E6A77500AFDA6A /* Main.storyboard in Resources */ = {isa = PBXBuildFile; fileRef = 17897B8823E6A77500AFDA6A /* Main.storyboard */; };
		17897B9323E6C74000AFDA6A /* LiveViewer.swift in Sources */ = {isa = PBXBuildFile; fileRef = 17897B9223E6C74000AFDA6A /* LiveViewer.swift */; };
		17897B9723E6EB1D00AFDA6A /* ViewControllerWindow.swift in Sources */ = {isa = PBXBuildFile; fileRef = 17897B9623E6EB1D00AFDA6A /* ViewControllerWindow.swift */; };
		17A446F523E7F40100D3C571 /* ImageReduction.metal in Sources */ = {isa = PBXBuildFile; fileRef = 17A446F423E7F40100D3C571 /* ImageReduction.metal */; };
		17EB8FFE23E961C600A4C09A /* ImageDelta.metal in Sources */ = {isa = PBXBuildFile; fileRef = 17EB8FFD23E961C600A4C09A /* ImageDelta.metal */; };
		17EB900023E9639D00A4C09A /* ImageDelta.swift in Sources */ = {isa = PBXBuildFile; fileRef = 17EB8FFF23E9639D00A4C09A /* ImageDelta.swift */; };
		17EB900223E9829E00A4C09A /* FileIO.swift in Sources */ = {isa = PBXBuildFile; fileRef = 17EB900123E9829E00A4C09A /* FileIO.swift */; };
		17FBB20323EA924400333934 /* +StatTable.swift in Sources */ = {isa = PBXBuildFile; fileRef = 17FBB20223EA924400333934 /* +StatTable.swift */; };
/* End PBXBuildFile section */

/* Begin PBXFileReference section */
		173842C923E7AE0C00792C9E /* ProcessedViewController.swift */ = {isa = PBXFileReference; lastKnownFileType = sourcecode.swift; path = ProcessedViewController.swift; sourceTree = "<group>"; };
		173842CD23E7B20500792C9E /* ProcessedViewWindowController.swift */ = {isa = PBXFileReference; lastKnownFileType = sourcecode.swift; path = ProcessedViewWindowController.swift; sourceTree = "<group>"; };
		178828A723E90E310041C2D1 /* PSCNNode.swift */ = {isa = PBXFileReference; lastKnownFileType = sourcecode.swift; path = PSCNNode.swift; sourceTree = "<group>"; };
		17897B7F23E6A77300AFDA6A /* DeskBlockCam.app */ = {isa = PBXFileReference; explicitFileType = wrapper.application; includeInIndex = 0; path = DeskBlockCam.app; sourceTree = BUILT_PRODUCTS_DIR; };
		17897B8223E6A77300AFDA6A /* AppDelegate.swift */ = {isa = PBXFileReference; lastKnownFileType = sourcecode.swift; path = AppDelegate.swift; sourceTree = "<group>"; };
		17897B8423E6A77300AFDA6A /* ViewController.swift */ = {isa = PBXFileReference; lastKnownFileType = sourcecode.swift; path = ViewController.swift; sourceTree = "<group>"; };
		17897B8623E6A77500AFDA6A /* Assets.xcassets */ = {isa = PBXFileReference; lastKnownFileType = folder.assetcatalog; path = Assets.xcassets; sourceTree = "<group>"; };
		17897B8923E6A77500AFDA6A /* Base */ = {isa = PBXFileReference; lastKnownFileType = file.storyboard; name = Base; path = Base.lproj/Main.storyboard; sourceTree = "<group>"; };
		17897B8B23E6A77500AFDA6A /* Info.plist */ = {isa = PBXFileReference; lastKnownFileType = text.plist.xml; path = Info.plist; sourceTree = "<group>"; };
		17897B8C23E6A77500AFDA6A /* DeskBlockCam.entitlements */ = {isa = PBXFileReference; lastKnownFileType = text.plist.entitlements; path = DeskBlockCam.entitlements; sourceTree = "<group>"; };
		17897B9223E6C74000AFDA6A /* LiveViewer.swift */ = {isa = PBXFileReference; lastKnownFileType = sourcecode.swift; path = LiveViewer.swift; sourceTree = "<group>"; };
		17897B9623E6EB1D00AFDA6A /* ViewControllerWindow.swift */ = {isa = PBXFileReference; lastKnownFileType = sourcecode.swift; path = ViewControllerWindow.swift; sourceTree = "<group>"; };
		17A446F423E7F40100D3C571 /* ImageReduction.metal */ = {isa = PBXFileReference; lastKnownFileType = sourcecode.metal; path = ImageReduction.metal; sourceTree = "<group>"; };
		17EB8FFD23E961C600A4C09A /* ImageDelta.metal */ = {isa = PBXFileReference; lastKnownFileType = sourcecode.metal; path = ImageDelta.metal; sourceTree = "<group>"; };
		17EB8FFF23E9639D00A4C09A /* ImageDelta.swift */ = {isa = PBXFileReference; lastKnownFileType = sourcecode.swift; path = ImageDelta.swift; sourceTree = "<group>"; };
		17EB900123E9829E00A4C09A /* FileIO.swift */ = {isa = PBXFileReference; lastKnownFileType = sourcecode.swift; path = FileIO.swift; sourceTree = "<group>"; };
		17FBB20223EA924400333934 /* +StatTable.swift */ = {isa = PBXFileReference; lastKnownFileType = sourcecode.swift; path = "+StatTable.swift"; sourceTree = "<group>"; };
/* End PBXFileReference section */

/* Begin PBXFrameworksBuildPhase section */
		17897B7C23E6A77300AFDA6A /* Frameworks */ = {
			isa = PBXFrameworksBuildPhase;
			buildActionMask = 2147483647;
			files = (
			);
			runOnlyForDeploymentPostprocessing = 0;
		};
/* End PBXFrameworksBuildPhase section */

/* Begin PBXGroup section */
		17897B7623E6A77300AFDA6A = {
			isa = PBXGroup;
			children = (
				17897B8123E6A77300AFDA6A /* DeskBlockCam */,
				17897B8023E6A77300AFDA6A /* Products */,
			);
			sourceTree = "<group>";
		};
		17897B8023E6A77300AFDA6A /* Products */ = {
			isa = PBXGroup;
			children = (
				17897B7F23E6A77300AFDA6A /* DeskBlockCam.app */,
			);
			name = Products;
			sourceTree = "<group>";
		};
		17897B8123E6A77300AFDA6A /* DeskBlockCam */ = {
			isa = PBXGroup;
			children = (
				17A446F323E7F3E800D3C571 /* Metal */,
				17897B8623E6A77500AFDA6A /* Assets.xcassets */,
				17897B8223E6A77300AFDA6A /* AppDelegate.swift */,
				17897B8423E6A77300AFDA6A /* ViewController.swift */,
				17897B8823E6A77500AFDA6A /* Main.storyboard */,
				17FBB20223EA924400333934 /* +StatTable.swift */,
				17897B9623E6EB1D00AFDA6A /* ViewControllerWindow.swift */,
				173842C923E7AE0C00792C9E /* ProcessedViewController.swift */,
				173842CD23E7B20500792C9E /* ProcessedViewWindowController.swift */,
				178828A723E90E310041C2D1 /* PSCNNode.swift */,
				17EB900123E9829E00A4C09A /* FileIO.swift */,
				17897B9223E6C74000AFDA6A /* LiveViewer.swift */,
				17897B8B23E6A77500AFDA6A /* Info.plist */,
				17897B8C23E6A77500AFDA6A /* DeskBlockCam.entitlements */,
			);
			path = DeskBlockCam;
			sourceTree = "<group>";
		};
		17A446F323E7F3E800D3C571 /* Metal */ = {
			isa = PBXGroup;
			children = (
				17A446F423E7F40100D3C571 /* ImageReduction.metal */,
				17EB8FFD23E961C600A4C09A /* ImageDelta.metal */,
				17EB8FFF23E9639D00A4C09A /* ImageDelta.swift */,
			);
			path = Metal;
			sourceTree = "<group>";
		};
/* End PBXGroup section */

/* Begin PBXNativeTarget section */
		17897B7E23E6A77300AFDA6A /* DeskBlockCam */ = {
			isa = PBXNativeTarget;
			buildConfigurationList = 17897B8F23E6A77500AFDA6A /* Build configuration list for PBXNativeTarget "DeskBlockCam" */;
			buildPhases = (
				17897B7B23E6A77300AFDA6A /* Sources */,
				17897B7C23E6A77300AFDA6A /* Frameworks */,
				17897B7D23E6A77300AFDA6A /* Resources */,
			);
			buildRules = (
			);
			dependencies = (
			);
			name = DeskBlockCam;
			productName = DeskBlockCam;
			productReference = 17897B7F23E6A77300AFDA6A /* DeskBlockCam.app */;
			productType = "com.apple.product-type.application";
		};
/* End PBXNativeTarget section */

/* Begin PBXProject section */
		17897B7723E6A77300AFDA6A /* Project object */ = {
			isa = PBXProject;
			attributes = {
				LastSwiftUpdateCheck = 1130;
				LastUpgradeCheck = 1130;
				ORGANIZATIONNAME = "Stuart Rankin";
				TargetAttributes = {
					17897B7E23E6A77300AFDA6A = {
						CreatedOnToolsVersion = 11.3.1;
					};
				};
			};
			buildConfigurationList = 17897B7A23E6A77300AFDA6A /* Build configuration list for PBXProject "DeskBlockCam" */;
			compatibilityVersion = "Xcode 9.3";
			developmentRegion = en;
			hasScannedForEncodings = 0;
			knownRegions = (
				en,
				Base,
			);
			mainGroup = 17897B7623E6A77300AFDA6A;
			productRefGroup = 17897B8023E6A77300AFDA6A /* Products */;
			projectDirPath = "";
			projectRoot = "";
			targets = (
				17897B7E23E6A77300AFDA6A /* DeskBlockCam */,
			);
		};
/* End PBXProject section */

/* Begin PBXResourcesBuildPhase section */
		17897B7D23E6A77300AFDA6A /* Resources */ = {
			isa = PBXResourcesBuildPhase;
			buildActionMask = 2147483647;
			files = (
				17897B8723E6A77500AFDA6A /* Assets.xcassets in Resources */,
				17897B8A23E6A77500AFDA6A /* Main.storyboard in Resources */,
			);
			runOnlyForDeploymentPostprocessing = 0;
		};
/* End PBXResourcesBuildPhase section */

/* Begin PBXSourcesBuildPhase section */
		17897B7B23E6A77300AFDA6A /* Sources */ = {
			isa = PBXSourcesBuildPhase;
			buildActionMask = 2147483647;
			files = (
				17FBB20323EA924400333934 /* +StatTable.swift in Sources */,
				17EB900023E9639D00A4C09A /* ImageDelta.swift in Sources */,
				17897B8523E6A77300AFDA6A /* ViewController.swift in Sources */,
				17EB900223E9829E00A4C09A /* FileIO.swift in Sources */,
				173842CA23E7AE0C00792C9E /* ProcessedViewController.swift in Sources */,
				17897B9323E6C74000AFDA6A /* LiveViewer.swift in Sources */,
				17897B9723E6EB1D00AFDA6A /* ViewControllerWindow.swift in Sources */,
				173842CE23E7B20500792C9E /* ProcessedViewWindowController.swift in Sources */,
				17A446F523E7F40100D3C571 /* ImageReduction.metal in Sources */,
				17897B8323E6A77300AFDA6A /* AppDelegate.swift in Sources */,
				17EB8FFE23E961C600A4C09A /* ImageDelta.metal in Sources */,
				178828A823E90E310041C2D1 /* PSCNNode.swift in Sources */,
			);
			runOnlyForDeploymentPostprocessing = 0;
		};
/* End PBXSourcesBuildPhase section */

/* Begin PBXVariantGroup section */
		17897B8823E6A77500AFDA6A /* Main.storyboard */ = {
			isa = PBXVariantGroup;
			children = (
				17897B8923E6A77500AFDA6A /* Base */,
			);
			name = Main.storyboard;
			sourceTree = "<group>";
		};
/* End PBXVariantGroup section */

/* Begin XCBuildConfiguration section */
		17897B8D23E6A77500AFDA6A /* Debug */ = {
			isa = XCBuildConfiguration;
			buildSettings = {
				ALWAYS_SEARCH_USER_PATHS = NO;
				CLANG_ANALYZER_NONNULL = YES;
				CLANG_ANALYZER_NUMBER_OBJECT_CONVERSION = YES_AGGRESSIVE;
				CLANG_CXX_LANGUAGE_STANDARD = "gnu++14";
				CLANG_CXX_LIBRARY = "libc++";
				CLANG_ENABLE_MODULES = YES;
				CLANG_ENABLE_OBJC_ARC = YES;
				CLANG_ENABLE_OBJC_WEAK = YES;
				CLANG_WARN_BLOCK_CAPTURE_AUTORELEASING = YES;
				CLANG_WARN_BOOL_CONVERSION = YES;
				CLANG_WARN_COMMA = YES;
				CLANG_WARN_CONSTANT_CONVERSION = YES;
				CLANG_WARN_DEPRECATED_OBJC_IMPLEMENTATIONS = YES;
				CLANG_WARN_DIRECT_OBJC_ISA_USAGE = YES_ERROR;
				CLANG_WARN_DOCUMENTATION_COMMENTS = YES;
				CLANG_WARN_EMPTY_BODY = YES;
				CLANG_WARN_ENUM_CONVERSION = YES;
				CLANG_WARN_INFINITE_RECURSION = YES;
				CLANG_WARN_INT_CONVERSION = YES;
				CLANG_WARN_NON_LITERAL_NULL_CONVERSION = YES;
				CLANG_WARN_OBJC_IMPLICIT_RETAIN_SELF = YES;
				CLANG_WARN_OBJC_LITERAL_CONVERSION = YES;
				CLANG_WARN_OBJC_ROOT_CLASS = YES_ERROR;
				CLANG_WARN_RANGE_LOOP_ANALYSIS = YES;
				CLANG_WARN_STRICT_PROTOTYPES = YES;
				CLANG_WARN_SUSPICIOUS_MOVE = YES;
				CLANG_WARN_UNGUARDED_AVAILABILITY = YES_AGGRESSIVE;
				CLANG_WARN_UNREACHABLE_CODE = YES;
				CLANG_WARN__DUPLICATE_METHOD_MATCH = YES;
				COPY_PHASE_STRIP = NO;
				DEBUG_INFORMATION_FORMAT = dwarf;
				ENABLE_STRICT_OBJC_MSGSEND = YES;
				ENABLE_TESTABILITY = YES;
				GCC_C_LANGUAGE_STANDARD = gnu11;
				GCC_DYNAMIC_NO_PIC = NO;
				GCC_NO_COMMON_BLOCKS = YES;
				GCC_OPTIMIZATION_LEVEL = 0;
				GCC_PREPROCESSOR_DEFINITIONS = (
					"DEBUG=1",
					"$(inherited)",
				);
				GCC_WARN_64_TO_32_BIT_CONVERSION = YES;
				GCC_WARN_ABOUT_RETURN_TYPE = YES_ERROR;
				GCC_WARN_UNDECLARED_SELECTOR = YES;
				GCC_WARN_UNINITIALIZED_AUTOS = YES_AGGRESSIVE;
				GCC_WARN_UNUSED_FUNCTION = YES;
				GCC_WARN_UNUSED_VARIABLE = YES;
				MACOSX_DEPLOYMENT_TARGET = 10.15;
				MTL_ENABLE_DEBUG_INFO = INCLUDE_SOURCE;
				MTL_FAST_MATH = YES;
				ONLY_ACTIVE_ARCH = YES;
				SDKROOT = macosx;
				SWIFT_ACTIVE_COMPILATION_CONDITIONS = DEBUG;
				SWIFT_OPTIMIZATION_LEVEL = "-Onone";
			};
			name = Debug;
		};
		17897B8E23E6A77500AFDA6A /* Release */ = {
			isa = XCBuildConfiguration;
			buildSettings = {
				ALWAYS_SEARCH_USER_PATHS = NO;
				CLANG_ANALYZER_NONNULL = YES;
				CLANG_ANALYZER_NUMBER_OBJECT_CONVERSION = YES_AGGRESSIVE;
				CLANG_CXX_LANGUAGE_STANDARD = "gnu++14";
				CLANG_CXX_LIBRARY = "libc++";
				CLANG_ENABLE_MODULES = YES;
				CLANG_ENABLE_OBJC_ARC = YES;
				CLANG_ENABLE_OBJC_WEAK = YES;
				CLANG_WARN_BLOCK_CAPTURE_AUTORELEASING = YES;
				CLANG_WARN_BOOL_CONVERSION = YES;
				CLANG_WARN_COMMA = YES;
				CLANG_WARN_CONSTANT_CONVERSION = YES;
				CLANG_WARN_DEPRECATED_OBJC_IMPLEMENTATIONS = YES;
				CLANG_WARN_DIRECT_OBJC_ISA_USAGE = YES_ERROR;
				CLANG_WARN_DOCUMENTATION_COMMENTS = YES;
				CLANG_WARN_EMPTY_BODY = YES;
				CLANG_WARN_ENUM_CONVERSION = YES;
				CLANG_WARN_INFINITE_RECURSION = YES;
				CLANG_WARN_INT_CONVERSION = YES;
				CLANG_WARN_NON_LITERAL_NULL_CONVERSION = YES;
				CLANG_WARN_OBJC_IMPLICIT_RETAIN_SELF = YES;
				CLANG_WARN_OBJC_LITERAL_CONVERSION = YES;
				CLANG_WARN_OBJC_ROOT_CLASS = YES_ERROR;
				CLANG_WARN_RANGE_LOOP_ANALYSIS = YES;
				CLANG_WARN_STRICT_PROTOTYPES = YES;
				CLANG_WARN_SUSPICIOUS_MOVE = YES;
				CLANG_WARN_UNGUARDED_AVAILABILITY = YES_AGGRESSIVE;
				CLANG_WARN_UNREACHABLE_CODE = YES;
				CLANG_WARN__DUPLICATE_METHOD_MATCH = YES;
				COPY_PHASE_STRIP = NO;
				DEBUG_INFORMATION_FORMAT = "dwarf-with-dsym";
				ENABLE_NS_ASSERTIONS = NO;
				ENABLE_STRICT_OBJC_MSGSEND = YES;
				GCC_C_LANGUAGE_STANDARD = gnu11;
				GCC_NO_COMMON_BLOCKS = YES;
				GCC_WARN_64_TO_32_BIT_CONVERSION = YES;
				GCC_WARN_ABOUT_RETURN_TYPE = YES_ERROR;
				GCC_WARN_UNDECLARED_SELECTOR = YES;
				GCC_WARN_UNINITIALIZED_AUTOS = YES_AGGRESSIVE;
				GCC_WARN_UNUSED_FUNCTION = YES;
				GCC_WARN_UNUSED_VARIABLE = YES;
				MACOSX_DEPLOYMENT_TARGET = 10.15;
				MTL_ENABLE_DEBUG_INFO = INCLUDE_SOURCE;
				MTL_FAST_MATH = YES;
				SDKROOT = macosx;
				SWIFT_COMPILATION_MODE = wholemodule;
				SWIFT_OPTIMIZATION_LEVEL = "-O";
			};
			name = Release;
		};
		17897B9023E6A77500AFDA6A /* Debug */ = {
			isa = XCBuildConfiguration;
			buildSettings = {
				ASSETCATALOG_COMPILER_APPICON_NAME = AppIcon;
				CODE_SIGN_ENTITLEMENTS = DeskBlockCam/DeskBlockCam.entitlements;
				CODE_SIGN_STYLE = Automatic;
				COMBINE_HIDPI_IMAGES = YES;
				DEVELOPMENT_TEAM = 4BB235M4GL;
				ENABLE_HARDENED_RUNTIME = NO;
				INFOPLIST_FILE = DeskBlockCam/Info.plist;
				LD_RUNPATH_SEARCH_PATHS = (
					"$(inherited)",
					"@executable_path/../Frameworks",
				);
				PRODUCT_BUNDLE_IDENTIFIER = Irorio.DeskBlockCam;
				PRODUCT_NAME = "$(TARGET_NAME)";
				SWIFT_VERSION = 5.0;
			};
			name = Debug;
		};
		17897B9123E6A77500AFDA6A /* Release */ = {
			isa = XCBuildConfiguration;
			buildSettings = {
				ASSETCATALOG_COMPILER_APPICON_NAME = AppIcon;
				CODE_SIGN_ENTITLEMENTS = DeskBlockCam/DeskBlockCam.entitlements;
				CODE_SIGN_STYLE = Automatic;
				COMBINE_HIDPI_IMAGES = YES;
				DEVELOPMENT_TEAM = 4BB235M4GL;
				ENABLE_HARDENED_RUNTIME = NO;
				INFOPLIST_FILE = DeskBlockCam/Info.plist;
				LD_RUNPATH_SEARCH_PATHS = (
					"$(inherited)",
					"@executable_path/../Frameworks",
				);
				PRODUCT_BUNDLE_IDENTIFIER = Irorio.DeskBlockCam;
				PRODUCT_NAME = "$(TARGET_NAME)";
				SWIFT_VERSION = 5.0;
			};
			name = Release;
		};
/* End XCBuildConfiguration section */

/* Begin XCConfigurationList section */
		17897B7A23E6A77300AFDA6A /* Build configuration list for PBXProject "DeskBlockCam" */ = {
			isa = XCConfigurationList;
			buildConfigurations = (
				17897B8D23E6A77500AFDA6A /* Debug */,
				17897B8E23E6A77500AFDA6A /* Release */,
			);
			defaultConfigurationIsVisible = 0;
			defaultConfigurationName = Release;
		};
		17897B8F23E6A77500AFDA6A /* Build configuration list for PBXNativeTarget "DeskBlockCam" */ = {
			isa = XCConfigurationList;
			buildConfigurations = (
				17897B9023E6A77500AFDA6A /* Debug */,
				17897B9123E6A77500AFDA6A /* Release */,
			);
			defaultConfigurationIsVisible = 0;
			defaultConfigurationName = Release;
		};
/* End XCConfigurationList section */
	};
	rootObject = 17897B7723E6A77300AFDA6A /* Project object */;
}
