// !$*UTF8*$!
{
	archiveVersion = 1;
	classes = {
	};
	objectVersion = 50;
	objects = {

/* Begin PBXBuildFile section */
		170A110023F103AF003D0C1D /* ProgramSettingsWindowController.swift in Sources */ = {isa = PBXBuildFile; fileRef = 170A10FF23F103AE003D0C1D /* ProgramSettingsWindowController.swift */; };
		170A110223F103E8003D0C1D /* ProgramSettingsCode.swift in Sources */ = {isa = PBXBuildFile; fileRef = 170A110123F103E8003D0C1D /* ProgramSettingsCode.swift */; };
		170A110823F18FB8003D0C1D /* ViewControllerView.swift in Sources */ = {isa = PBXBuildFile; fileRef = 170A110723F18FB8003D0C1D /* ViewControllerView.swift */; };
		170DF1E423F6C3E700DDB5D0 /* SphereOptionalParameters.swift in Sources */ = {isa = PBXBuildFile; fileRef = 170DF1E323F6C3E700DDB5D0 /* SphereOptionalParameters.swift */; };
		170DF1E623F6C55F00DDB5D0 /* SphereOptionCode.swift in Sources */ = {isa = PBXBuildFile; fileRef = 170DF1E523F6C55F00DDB5D0 /* SphereOptionCode.swift */; };
		1717201123EBD23100636F3C /* Pixellator.swift in Sources */ = {isa = PBXBuildFile; fileRef = 1717201023EBD23100636F3C /* Pixellator.swift */; };
		1717201323EBDF1600636F3C /* BlockView.swift in Sources */ = {isa = PBXBuildFile; fileRef = 1717201223EBDF1600636F3C /* BlockView.swift */; };
		1717201623EBE2D900636F3C /* Processor.swift in Sources */ = {isa = PBXBuildFile; fileRef = 1717201523EBE2D900636F3C /* Processor.swift */; };
		172C06E223ED2F9000313C3E /* OvalOptionsCode.swift in Sources */ = {isa = PBXBuildFile; fileRef = 172C06E123ED2F9000313C3E /* OvalOptionsCode.swift */; };
		172C06E423ED2FE200313C3E /* DiamondOptionsCode.swift in Sources */ = {isa = PBXBuildFile; fileRef = 172C06E323ED2FE200313C3E /* DiamondOptionsCode.swift */; };
		172C06E623ED300D00313C3E /* StarOptionsCode.swift in Sources */ = {isa = PBXBuildFile; fileRef = 172C06E523ED300D00313C3E /* StarOptionsCode.swift */; };
		172C06E823ED303E00313C3E /* ConeOptionsCode.swift in Sources */ = {isa = PBXBuildFile; fileRef = 172C06E723ED303E00313C3E /* ConeOptionsCode.swift */; };
		172C06EA23ED307000313C3E /* RadiatingLinesOptionsCode.swift in Sources */ = {isa = PBXBuildFile; fileRef = 172C06E923ED307000313C3E /* RadiatingLinesOptionsCode.swift */; };
		172C06EC23ED309800313C3E /* CharacterSetOptionsCode.swift in Sources */ = {isa = PBXBuildFile; fileRef = 172C06EB23ED309800313C3E /* CharacterSetOptionsCode.swift */; };
		172C06EE23ED30ED00313C3E /* CappedLinesOptionsCode.swift in Sources */ = {isa = PBXBuildFile; fileRef = 172C06ED23ED30ED00313C3E /* CappedLinesOptionsCode.swift */; };
		172C06F023ED318000313C3E /* StackedShapesOptionsCode.swift in Sources */ = {isa = PBXBuildFile; fileRef = 172C06EF23ED318000313C3E /* StackedShapesOptionsCode.swift */; };
		172C06F223ED31DC00313C3E /* OptionsDialogs.swift in Sources */ = {isa = PBXBuildFile; fileRef = 172C06F123ED31DC00313C3E /* OptionsDialogs.swift */; };
		1732796C23F7E47C00EE0213 /* RingOptionalParameters.swift in Sources */ = {isa = PBXBuildFile; fileRef = 1732796B23F7E47C00EE0213 /* RingOptionalParameters.swift */; };
		1732796E23F7E6D800EE0213 /* Settings.storyboard in Resources */ = {isa = PBXBuildFile; fileRef = 1732796D23F7E6D800EE0213 /* Settings.storyboard */; };
		1732797023F7E93800EE0213 /* RingOptionCode.swift in Sources */ = {isa = PBXBuildFile; fileRef = 1732796F23F7E93800EE0213 /* RingOptionCode.swift */; };
		173C245423ED28CB00270760 /* NoOptionsCode.swift in Sources */ = {isa = PBXBuildFile; fileRef = 173C245323ED28CB00270760 /* NoOptionsCode.swift */; };
		173C245A23ED29DC00270760 /* OptionsProtocol.swift in Sources */ = {isa = PBXBuildFile; fileRef = 173C245923ED29DC00270760 /* OptionsProtocol.swift */; };
		173C245C23ED2CBC00270760 /* BlockOptionsCode.swift in Sources */ = {isa = PBXBuildFile; fileRef = 173C245B23ED2CBC00270760 /* BlockOptionsCode.swift */; };
		1740A3C723EBE5E500E29C75 /* ProcessingAttributes.swift in Sources */ = {isa = PBXBuildFile; fileRef = 1740A3C623EBE5E500E29C75 /* ProcessingAttributes.swift */; };
		1740A3C923EBEB6400E29C75 /* OptionalParameters.swift in Sources */ = {isa = PBXBuildFile; fileRef = 1740A3C823EBEB6400E29C75 /* OptionalParameters.swift */; };
		1740A3CC23EBEBD400E29C75 /* BlockOptionalParameters.swift in Sources */ = {isa = PBXBuildFile; fileRef = 1740A3CB23EBEBD400E29C75 /* BlockOptionalParameters.swift */; };
		1740A3CE23EBEC5300E29C75 /* CappedLineOptionalParameters.swift in Sources */ = {isa = PBXBuildFile; fileRef = 1740A3CD23EBEC5300E29C75 /* CappedLineOptionalParameters.swift */; };
		1740A3D023EBED8500E29C75 /* CharactersOptionalParameters.swift in Sources */ = {isa = PBXBuildFile; fileRef = 1740A3CF23EBED8500E29C75 /* CharactersOptionalParameters.swift */; };
		1740A3D223EBEE6800E29C75 /* EllipseOptionalParameters.swift in Sources */ = {isa = PBXBuildFile; fileRef = 1740A3D123EBEE6800E29C75 /* EllipseOptionalParameters.swift */; };
		1740A3D423EBEF5C00E29C75 /* DiamondOptionalParameters.swift in Sources */ = {isa = PBXBuildFile; fileRef = 1740A3D323EBEF5C00E29C75 /* DiamondOptionalParameters.swift */; };
		1740A3D623EBF73000E29C75 /* ConeOptionalParameters.swift in Sources */ = {isa = PBXBuildFile; fileRef = 1740A3D523EBF73000E29C75 /* ConeOptionalParameters.swift */; };
		1740A3D823EBF8A900E29C75 /* StarOptionalParameters.swift in Sources */ = {isa = PBXBuildFile; fileRef = 1740A3D723EBF8A900E29C75 /* StarOptionalParameters.swift */; };
		1740A3DA23EBF96600E29C75 /* StackedShapesOptionalParameters.swift in Sources */ = {isa = PBXBuildFile; fileRef = 1740A3D923EBF96600E29C75 /* StackedShapesOptionalParameters.swift */; };
		1740A3DC23EBFA4000E29C75 /* RadiatingLinesOptionalParameters.swift in Sources */ = {isa = PBXBuildFile; fileRef = 1740A3DB23EBFA4000E29C75 /* RadiatingLinesOptionalParameters.swift */; };
		1740A3DE23EBFB7500E29C75 /* HSBVaryingOptionalParameters.swift in Sources */ = {isa = PBXBuildFile; fileRef = 1740A3DD23EBFB7500E29C75 /* HSBVaryingOptionalParameters.swift */; };
		1740A3E123EC018100E29C75 /* ShapeOptionsCode.swift in Sources */ = {isa = PBXBuildFile; fileRef = 1740A3E023EC018100E29C75 /* ShapeOptionsCode.swift */; };
		1740A3E323EC01AA00E29C75 /* ShapeOptionsWindowCode.swift in Sources */ = {isa = PBXBuildFile; fileRef = 1740A3E223EC01AA00E29C75 /* ShapeOptionsWindowCode.swift */; };
		17452EC523FA24AD004888EB /* ContainerController.swift in Sources */ = {isa = PBXBuildFile; fileRef = 17452EC423FA24AD004888EB /* ContainerController.swift */; };
		17452EC823FA8612004888EB /* Colors.swift in Sources */ = {isa = PBXBuildFile; fileRef = 17452EC723FA8612004888EB /* Colors.swift */; };
		17452ECA23FA864E004888EB /* ColorDescription.swift in Sources */ = {isa = PBXBuildFile; fileRef = 17452EC923FA864E004888EB /* ColorDescription.swift */; };
		17609FC923F64E8E00391FFB /* +StatusView.swift in Sources */ = {isa = PBXBuildFile; fileRef = 17609FC823F64E8E00391FFB /* +StatusView.swift */; };
		17609FCB23F65D5100391FFB /* StatusProtocol.swift in Sources */ = {isa = PBXBuildFile; fileRef = 17609FCA23F65D5100391FFB /* StatusProtocol.swift */; };
		17609FCE23F6611700391FFB /* Shrinker.swift in Sources */ = {isa = PBXBuildFile; fileRef = 17609FCD23F6611700391FFB /* Shrinker.swift */; };
		176B898123F9039500EC708B /* CurrentCategory.swift in Sources */ = {isa = PBXBuildFile; fileRef = 176B898023F9039500EC708B /* CurrentCategory.swift */; };
		176B898323F9047100EC708B /* ValueItem.swift in Sources */ = {isa = PBXBuildFile; fileRef = 176B898223F9047100EC708B /* ValueItem.swift */; };
		176B898523F9094E00EC708B /* CurrentTreeNode.swift in Sources */ = {isa = PBXBuildFile; fileRef = 176B898423F9094E00EC708B /* CurrentTreeNode.swift */; };
		176B898723F9436400EC708B /* ShapeOptionsCode2.swift in Sources */ = {isa = PBXBuildFile; fileRef = 176B898623F9436400EC708B /* ShapeOptionsCode2.swift */; };
		176E565323EBB50E0001215A /* HistogramDisplay.swift in Sources */ = {isa = PBXBuildFile; fileRef = 176E565223EBB50E0001215A /* HistogramDisplay.swift */; };
		177BF06223EE52CD00670F40 /* ColorSwatchItem.swift in Sources */ = {isa = PBXBuildFile; fileRef = 177BF06023EE52CD00670F40 /* ColorSwatchItem.swift */; };
		177BF06323EE52CD00670F40 /* ColorSwatchItem.xib in Resources */ = {isa = PBXBuildFile; fileRef = 177BF06123EE52CD00670F40 /* ColorSwatchItem.xib */; };
		177BF06623EE735000670F40 /* GradientSwatchItem.swift in Sources */ = {isa = PBXBuildFile; fileRef = 177BF06423EE735000670F40 /* GradientSwatchItem.swift */; };
		177BF06723EE735000670F40 /* GradientSwatchItem.xib in Resources */ = {isa = PBXBuildFile; fileRef = 177BF06523EE735000670F40 /* GradientSwatchItem.xib */; };
		177BF06923EE765500670F40 /* GradientFactory.swift in Sources */ = {isa = PBXBuildFile; fileRef = 177BF06823EE765500670F40 /* GradientFactory.swift */; };
		177BF06B23EE923E00670F40 /* +Lighting.swift in Sources */ = {isa = PBXBuildFile; fileRef = 177BF06A23EE923E00670F40 /* +Lighting.swift */; };
		178041B523F3CF1C006E40C1 /* ErrorMessage.storyboard in Resources */ = {isa = PBXBuildFile; fileRef = 178041B423F3CF1C006E40C1 /* ErrorMessage.storyboard */; };
		178041B723F3CF48006E40C1 /* ErrorMessageWindowCode.swift in Sources */ = {isa = PBXBuildFile; fileRef = 178041B623F3CF48006E40C1 /* ErrorMessageWindowCode.swift */; };
		178041B923F3D000006E40C1 /* ErrorMessageController.swift in Sources */ = {isa = PBXBuildFile; fileRef = 178041B823F3D000006E40C1 /* ErrorMessageController.swift */; };
		178041BB23F3D0E6006E40C1 /* ErrorMessageHandling.swift in Sources */ = {isa = PBXBuildFile; fileRef = 178041BA23F3D0E6006E40C1 /* ErrorMessageHandling.swift */; };
		178041BE23F3D4A6006E40C1 /* DebugWindow.storyboard in Resources */ = {isa = PBXBuildFile; fileRef = 178041BD23F3D4A6006E40C1 /* DebugWindow.storyboard */; };
		178041C023F3D5C3006E40C1 /* DebugWindowCode.swift in Sources */ = {isa = PBXBuildFile; fileRef = 178041BF23F3D5C3006E40C1 /* DebugWindowCode.swift */; };
		178041C223F3D605006E40C1 /* DebugControllerCode.swift in Sources */ = {isa = PBXBuildFile; fileRef = 178041C123F3D605006E40C1 /* DebugControllerCode.swift */; };
		178041C423F3D7FD006E40C1 /* DebugUIHandling.swift in Sources */ = {isa = PBXBuildFile; fileRef = 178041C323F3D7FD006E40C1 /* DebugUIHandling.swift */; };
		178041C623F3D8AC006E40C1 /* AncillaryWindowProtocol.swift in Sources */ = {isa = PBXBuildFile; fileRef = 178041C523F3D8AC006E40C1 /* AncillaryWindowProtocol.swift */; };
		178041C823F3D959006E40C1 /* AncillaryWindowManagement.swift in Sources */ = {isa = PBXBuildFile; fileRef = 178041C723F3D959006E40C1 /* AncillaryWindowManagement.swift */; };
		178041CA23F3DAA1006E40C1 /* Utilities.swift in Sources */ = {isa = PBXBuildFile; fileRef = 178041C923F3DAA1006E40C1 /* Utilities.swift */; };
		178828A823E90E310041C2D1 /* PSCNNode.swift in Sources */ = {isa = PBXBuildFile; fileRef = 178828A723E90E310041C2D1 /* PSCNNode.swift */; };
		17897B8323E6A77300AFDA6A /* AppDelegate.swift in Sources */ = {isa = PBXBuildFile; fileRef = 17897B8223E6A77300AFDA6A /* AppDelegate.swift */; };
		17897B8523E6A77300AFDA6A /* ViewController.swift in Sources */ = {isa = PBXBuildFile; fileRef = 17897B8423E6A77300AFDA6A /* ViewController.swift */; };
		17897B8723E6A77500AFDA6A /* Assets.xcassets in Resources */ = {isa = PBXBuildFile; fileRef = 17897B8623E6A77500AFDA6A /* Assets.xcassets */; };
		17897B8A23E6A77500AFDA6A /* Main.storyboard in Resources */ = {isa = PBXBuildFile; fileRef = 17897B8823E6A77500AFDA6A /* Main.storyboard */; };
		17897B9323E6C74000AFDA6A /* LiveViewer.swift in Sources */ = {isa = PBXBuildFile; fileRef = 17897B9223E6C74000AFDA6A /* LiveViewer.swift */; };
		17897B9723E6EB1D00AFDA6A /* ViewControllerWindow.swift in Sources */ = {isa = PBXBuildFile; fileRef = 17897B9623E6EB1D00AFDA6A /* ViewControllerWindow.swift */; };
		17A446F523E7F40100D3C571 /* ImageReduction.metal in Sources */ = {isa = PBXBuildFile; fileRef = 17A446F423E7F40100D3C571 /* ImageReduction.metal */; };
		17B31D4D23EFF18D00C69257 /* Generator.swift in Sources */ = {isa = PBXBuildFile; fileRef = 17B31D4C23EFF18D00C69257 /* Generator.swift */; };
		17B31D5023EFF5C800C69257 /* Settings.swift in Sources */ = {isa = PBXBuildFile; fileRef = 17B31D4F23EFF5C800C69257 /* Settings.swift */; };
		17B31D5223EFF74600C69257 /* SettingChangedProtocol.swift in Sources */ = {isa = PBXBuildFile; fileRef = 17B31D5123EFF74600C69257 /* SettingChangedProtocol.swift */; };
		17B31D5423EFF9AE00C69257 /* AttributeFactory.swift in Sources */ = {isa = PBXBuildFile; fileRef = 17B31D5323EFF9AE00C69257 /* AttributeFactory.swift */; };
		17B31D5623EFFAAF00C69257 /* Enums.swift in Sources */ = {isa = PBXBuildFile; fileRef = 17B31D5523EFFAAF00C69257 /* Enums.swift */; };
		17D5AD2723F3BE39006C295F /* AboutController.swift in Sources */ = {isa = PBXBuildFile; fileRef = 17D5AD2623F3BE39006C295F /* AboutController.swift */; };
		17D5AD2923F3BEA1006C295F /* AboutWindow.swift in Sources */ = {isa = PBXBuildFile; fileRef = 17D5AD2823F3BEA1006C295F /* AboutWindow.swift */; };
		17EB8FFE23E961C600A4C09A /* ImageDelta.metal in Sources */ = {isa = PBXBuildFile; fileRef = 17EB8FFD23E961C600A4C09A /* ImageDelta.metal */; };
		17EB900023E9639D00A4C09A /* ImageDelta.swift in Sources */ = {isa = PBXBuildFile; fileRef = 17EB8FFF23E9639D00A4C09A /* ImageDelta.swift */; };
		17EB900223E9829E00A4C09A /* FileIO.swift in Sources */ = {isa = PBXBuildFile; fileRef = 17EB900123E9829E00A4C09A /* FileIO.swift */; };
/* End PBXBuildFile section */

/* Begin PBXFileReference section */
		170A10FF23F103AE003D0C1D /* ProgramSettingsWindowController.swift */ = {isa = PBXFileReference; lastKnownFileType = sourcecode.swift; path = ProgramSettingsWindowController.swift; sourceTree = "<group>"; };
		170A110123F103E8003D0C1D /* ProgramSettingsCode.swift */ = {isa = PBXFileReference; lastKnownFileType = sourcecode.swift; path = ProgramSettingsCode.swift; sourceTree = "<group>"; };
		170A110723F18FB8003D0C1D /* ViewControllerView.swift */ = {isa = PBXFileReference; lastKnownFileType = sourcecode.swift; path = ViewControllerView.swift; sourceTree = "<group>"; };
		170DF1E323F6C3E700DDB5D0 /* SphereOptionalParameters.swift */ = {isa = PBXFileReference; lastKnownFileType = sourcecode.swift; path = SphereOptionalParameters.swift; sourceTree = "<group>"; };
		170DF1E523F6C55F00DDB5D0 /* SphereOptionCode.swift */ = {isa = PBXFileReference; lastKnownFileType = sourcecode.swift; path = SphereOptionCode.swift; sourceTree = "<group>"; };
		1717201023EBD23100636F3C /* Pixellator.swift */ = {isa = PBXFileReference; lastKnownFileType = sourcecode.swift; path = Pixellator.swift; sourceTree = "<group>"; };
		1717201223EBDF1600636F3C /* BlockView.swift */ = {isa = PBXFileReference; lastKnownFileType = sourcecode.swift; path = BlockView.swift; sourceTree = "<group>"; };
		1717201523EBE2D900636F3C /* Processor.swift */ = {isa = PBXFileReference; lastKnownFileType = sourcecode.swift; path = Processor.swift; sourceTree = "<group>"; };
		172C06E123ED2F9000313C3E /* OvalOptionsCode.swift */ = {isa = PBXFileReference; lastKnownFileType = sourcecode.swift; path = OvalOptionsCode.swift; sourceTree = "<group>"; };
		172C06E323ED2FE200313C3E /* DiamondOptionsCode.swift */ = {isa = PBXFileReference; lastKnownFileType = sourcecode.swift; path = DiamondOptionsCode.swift; sourceTree = "<group>"; };
		172C06E523ED300D00313C3E /* StarOptionsCode.swift */ = {isa = PBXFileReference; lastKnownFileType = sourcecode.swift; path = StarOptionsCode.swift; sourceTree = "<group>"; };
		172C06E723ED303E00313C3E /* ConeOptionsCode.swift */ = {isa = PBXFileReference; lastKnownFileType = sourcecode.swift; path = ConeOptionsCode.swift; sourceTree = "<group>"; };
		172C06E923ED307000313C3E /* RadiatingLinesOptionsCode.swift */ = {isa = PBXFileReference; lastKnownFileType = sourcecode.swift; path = RadiatingLinesOptionsCode.swift; sourceTree = "<group>"; };
		172C06EB23ED309800313C3E /* CharacterSetOptionsCode.swift */ = {isa = PBXFileReference; lastKnownFileType = sourcecode.swift; path = CharacterSetOptionsCode.swift; sourceTree = "<group>"; };
		172C06ED23ED30ED00313C3E /* CappedLinesOptionsCode.swift */ = {isa = PBXFileReference; lastKnownFileType = sourcecode.swift; path = CappedLinesOptionsCode.swift; sourceTree = "<group>"; };
		172C06EF23ED318000313C3E /* StackedShapesOptionsCode.swift */ = {isa = PBXFileReference; lastKnownFileType = sourcecode.swift; path = StackedShapesOptionsCode.swift; sourceTree = "<group>"; };
		172C06F123ED31DC00313C3E /* OptionsDialogs.swift */ = {isa = PBXFileReference; lastKnownFileType = sourcecode.swift; path = OptionsDialogs.swift; sourceTree = "<group>"; };
		1732796B23F7E47C00EE0213 /* RingOptionalParameters.swift */ = {isa = PBXFileReference; lastKnownFileType = sourcecode.swift; path = RingOptionalParameters.swift; sourceTree = "<group>"; };
		1732796D23F7E6D800EE0213 /* Settings.storyboard */ = {isa = PBXFileReference; lastKnownFileType = file.storyboard; path = Settings.storyboard; sourceTree = "<group>"; };
		1732796F23F7E93800EE0213 /* RingOptionCode.swift */ = {isa = PBXFileReference; lastKnownFileType = sourcecode.swift; path = RingOptionCode.swift; sourceTree = "<group>"; };
		173C245323ED28CB00270760 /* NoOptionsCode.swift */ = {isa = PBXFileReference; lastKnownFileType = sourcecode.swift; path = NoOptionsCode.swift; sourceTree = "<group>"; };
		173C245923ED29DC00270760 /* OptionsProtocol.swift */ = {isa = PBXFileReference; lastKnownFileType = sourcecode.swift; path = OptionsProtocol.swift; sourceTree = "<group>"; };
		173C245B23ED2CBC00270760 /* BlockOptionsCode.swift */ = {isa = PBXFileReference; lastKnownFileType = sourcecode.swift; path = BlockOptionsCode.swift; sourceTree = "<group>"; };
		1740A3C623EBE5E500E29C75 /* ProcessingAttributes.swift */ = {isa = PBXFileReference; lastKnownFileType = sourcecode.swift; path = ProcessingAttributes.swift; sourceTree = "<group>"; };
		1740A3C823EBEB6400E29C75 /* OptionalParameters.swift */ = {isa = PBXFileReference; lastKnownFileType = sourcecode.swift; path = OptionalParameters.swift; sourceTree = "<group>"; };
		1740A3CB23EBEBD400E29C75 /* BlockOptionalParameters.swift */ = {isa = PBXFileReference; lastKnownFileType = sourcecode.swift; path = BlockOptionalParameters.swift; sourceTree = "<group>"; };
		1740A3CD23EBEC5300E29C75 /* CappedLineOptionalParameters.swift */ = {isa = PBXFileReference; lastKnownFileType = sourcecode.swift; path = CappedLineOptionalParameters.swift; sourceTree = "<group>"; };
		1740A3CF23EBED8500E29C75 /* CharactersOptionalParameters.swift */ = {isa = PBXFileReference; lastKnownFileType = sourcecode.swift; path = CharactersOptionalParameters.swift; sourceTree = "<group>"; };
		1740A3D123EBEE6800E29C75 /* EllipseOptionalParameters.swift */ = {isa = PBXFileReference; lastKnownFileType = sourcecode.swift; path = EllipseOptionalParameters.swift; sourceTree = "<group>"; };
		1740A3D323EBEF5C00E29C75 /* DiamondOptionalParameters.swift */ = {isa = PBXFileReference; lastKnownFileType = sourcecode.swift; path = DiamondOptionalParameters.swift; sourceTree = "<group>"; };
		1740A3D523EBF73000E29C75 /* ConeOptionalParameters.swift */ = {isa = PBXFileReference; lastKnownFileType = sourcecode.swift; path = ConeOptionalParameters.swift; sourceTree = "<group>"; };
		1740A3D723EBF8A900E29C75 /* StarOptionalParameters.swift */ = {isa = PBXFileReference; lastKnownFileType = sourcecode.swift; path = StarOptionalParameters.swift; sourceTree = "<group>"; };
		1740A3D923EBF96600E29C75 /* StackedShapesOptionalParameters.swift */ = {isa = PBXFileReference; lastKnownFileType = sourcecode.swift; path = StackedShapesOptionalParameters.swift; sourceTree = "<group>"; };
		1740A3DB23EBFA4000E29C75 /* RadiatingLinesOptionalParameters.swift */ = {isa = PBXFileReference; lastKnownFileType = sourcecode.swift; path = RadiatingLinesOptionalParameters.swift; sourceTree = "<group>"; };
		1740A3DD23EBFB7500E29C75 /* HSBVaryingOptionalParameters.swift */ = {isa = PBXFileReference; lastKnownFileType = sourcecode.swift; path = HSBVaryingOptionalParameters.swift; sourceTree = "<group>"; };
		1740A3E023EC018100E29C75 /* ShapeOptionsCode.swift */ = {isa = PBXFileReference; lastKnownFileType = sourcecode.swift; path = ShapeOptionsCode.swift; sourceTree = "<group>"; };
		1740A3E223EC01AA00E29C75 /* ShapeOptionsWindowCode.swift */ = {isa = PBXFileReference; lastKnownFileType = sourcecode.swift; path = ShapeOptionsWindowCode.swift; sourceTree = "<group>"; };
		17452EC423FA24AD004888EB /* ContainerController.swift */ = {isa = PBXFileReference; lastKnownFileType = sourcecode.swift; path = ContainerController.swift; sourceTree = "<group>"; };
		17452EC723FA8612004888EB /* Colors.swift */ = {isa = PBXFileReference; lastKnownFileType = sourcecode.swift; path = Colors.swift; sourceTree = "<group>"; };
		17452EC923FA864E004888EB /* ColorDescription.swift */ = {isa = PBXFileReference; lastKnownFileType = sourcecode.swift; path = ColorDescription.swift; sourceTree = "<group>"; };
		17609FC823F64E8E00391FFB /* +StatusView.swift */ = {isa = PBXFileReference; lastKnownFileType = sourcecode.swift; path = "+StatusView.swift"; sourceTree = "<group>"; };
		17609FCA23F65D5100391FFB /* StatusProtocol.swift */ = {isa = PBXFileReference; lastKnownFileType = sourcecode.swift; path = StatusProtocol.swift; sourceTree = "<group>"; };
		17609FCD23F6611700391FFB /* Shrinker.swift */ = {isa = PBXFileReference; lastKnownFileType = sourcecode.swift; path = Shrinker.swift; sourceTree = "<group>"; };
		176B898023F9039500EC708B /* CurrentCategory.swift */ = {isa = PBXFileReference; lastKnownFileType = sourcecode.swift; path = CurrentCategory.swift; sourceTree = "<group>"; };
		176B898223F9047100EC708B /* ValueItem.swift */ = {isa = PBXFileReference; lastKnownFileType = sourcecode.swift; path = ValueItem.swift; sourceTree = "<group>"; };
		176B898423F9094E00EC708B /* CurrentTreeNode.swift */ = {isa = PBXFileReference; lastKnownFileType = sourcecode.swift; path = CurrentTreeNode.swift; sourceTree = "<group>"; };
		176B898623F9436400EC708B /* ShapeOptionsCode2.swift */ = {isa = PBXFileReference; lastKnownFileType = sourcecode.swift; path = ShapeOptionsCode2.swift; sourceTree = "<group>"; };
		176E565223EBB50E0001215A /* HistogramDisplay.swift */ = {isa = PBXFileReference; lastKnownFileType = sourcecode.swift; path = HistogramDisplay.swift; sourceTree = "<group>"; };
		177BF06023EE52CD00670F40 /* ColorSwatchItem.swift */ = {isa = PBXFileReference; lastKnownFileType = sourcecode.swift; path = ColorSwatchItem.swift; sourceTree = "<group>"; };
		177BF06123EE52CD00670F40 /* ColorSwatchItem.xib */ = {isa = PBXFileReference; lastKnownFileType = file.xib; path = ColorSwatchItem.xib; sourceTree = "<group>"; };
		177BF06423EE735000670F40 /* GradientSwatchItem.swift */ = {isa = PBXFileReference; lastKnownFileType = sourcecode.swift; path = GradientSwatchItem.swift; sourceTree = "<group>"; };
		177BF06523EE735000670F40 /* GradientSwatchItem.xib */ = {isa = PBXFileReference; lastKnownFileType = file.xib; path = GradientSwatchItem.xib; sourceTree = "<group>"; };
		177BF06823EE765500670F40 /* GradientFactory.swift */ = {isa = PBXFileReference; lastKnownFileType = sourcecode.swift; path = GradientFactory.swift; sourceTree = "<group>"; };
		177BF06A23EE923E00670F40 /* +Lighting.swift */ = {isa = PBXFileReference; lastKnownFileType = sourcecode.swift; path = "+Lighting.swift"; sourceTree = "<group>"; };
		178041B423F3CF1C006E40C1 /* ErrorMessage.storyboard */ = {isa = PBXFileReference; lastKnownFileType = file.storyboard; path = ErrorMessage.storyboard; sourceTree = "<group>"; };
		178041B623F3CF48006E40C1 /* ErrorMessageWindowCode.swift */ = {isa = PBXFileReference; lastKnownFileType = sourcecode.swift; path = ErrorMessageWindowCode.swift; sourceTree = "<group>"; };
		178041B823F3D000006E40C1 /* ErrorMessageController.swift */ = {isa = PBXFileReference; lastKnownFileType = sourcecode.swift; path = ErrorMessageController.swift; sourceTree = "<group>"; };
		178041BA23F3D0E6006E40C1 /* ErrorMessageHandling.swift */ = {isa = PBXFileReference; lastKnownFileType = sourcecode.swift; path = ErrorMessageHandling.swift; sourceTree = "<group>"; };
		178041BD23F3D4A6006E40C1 /* DebugWindow.storyboard */ = {isa = PBXFileReference; lastKnownFileType = file.storyboard; path = DebugWindow.storyboard; sourceTree = "<group>"; };
		178041BF23F3D5C3006E40C1 /* DebugWindowCode.swift */ = {isa = PBXFileReference; lastKnownFileType = sourcecode.swift; path = DebugWindowCode.swift; sourceTree = "<group>"; };
		178041C123F3D605006E40C1 /* DebugControllerCode.swift */ = {isa = PBXFileReference; lastKnownFileType = sourcecode.swift; path = DebugControllerCode.swift; sourceTree = "<group>"; };
		178041C323F3D7FD006E40C1 /* DebugUIHandling.swift */ = {isa = PBXFileReference; lastKnownFileType = sourcecode.swift; path = DebugUIHandling.swift; sourceTree = "<group>"; };
		178041C523F3D8AC006E40C1 /* AncillaryWindowProtocol.swift */ = {isa = PBXFileReference; lastKnownFileType = sourcecode.swift; path = AncillaryWindowProtocol.swift; sourceTree = "<group>"; };
		178041C723F3D959006E40C1 /* AncillaryWindowManagement.swift */ = {isa = PBXFileReference; lastKnownFileType = sourcecode.swift; path = AncillaryWindowManagement.swift; sourceTree = "<group>"; };
		178041C923F3DAA1006E40C1 /* Utilities.swift */ = {isa = PBXFileReference; lastKnownFileType = sourcecode.swift; path = Utilities.swift; sourceTree = "<group>"; };
		178828A723E90E310041C2D1 /* PSCNNode.swift */ = {isa = PBXFileReference; lastKnownFileType = sourcecode.swift; path = PSCNNode.swift; sourceTree = "<group>"; };
		17897B7F23E6A77300AFDA6A /* BlockCam.app */ = {isa = PBXFileReference; explicitFileType = wrapper.application; includeInIndex = 0; path = BlockCam.app; sourceTree = BUILT_PRODUCTS_DIR; };
		17897B8223E6A77300AFDA6A /* AppDelegate.swift */ = {isa = PBXFileReference; lastKnownFileType = sourcecode.swift; path = AppDelegate.swift; sourceTree = "<group>"; };
		17897B8423E6A77300AFDA6A /* ViewController.swift */ = {isa = PBXFileReference; lastKnownFileType = sourcecode.swift; path = ViewController.swift; sourceTree = "<group>"; };
		17897B8623E6A77500AFDA6A /* Assets.xcassets */ = {isa = PBXFileReference; lastKnownFileType = folder.assetcatalog; path = Assets.xcassets; sourceTree = "<group>"; };
		17897B8923E6A77500AFDA6A /* Base */ = {isa = PBXFileReference; lastKnownFileType = file.storyboard; name = Base; path = Base.lproj/Main.storyboard; sourceTree = "<group>"; };
		17897B8B23E6A77500AFDA6A /* Info.plist */ = {isa = PBXFileReference; lastKnownFileType = text.plist.xml; path = Info.plist; sourceTree = "<group>"; };
		17897B8C23E6A77500AFDA6A /* DeskBlockCam.entitlements */ = {isa = PBXFileReference; lastKnownFileType = text.plist.entitlements; path = DeskBlockCam.entitlements; sourceTree = "<group>"; };
		17897B9223E6C74000AFDA6A /* LiveViewer.swift */ = {isa = PBXFileReference; lastKnownFileType = sourcecode.swift; path = LiveViewer.swift; sourceTree = "<group>"; };
		17897B9623E6EB1D00AFDA6A /* ViewControllerWindow.swift */ = {isa = PBXFileReference; lastKnownFileType = sourcecode.swift; path = ViewControllerWindow.swift; sourceTree = "<group>"; };
		17A446F423E7F40100D3C571 /* ImageReduction.metal */ = {isa = PBXFileReference; lastKnownFileType = sourcecode.metal; path = ImageReduction.metal; sourceTree = "<group>"; };
		17B31D4C23EFF18D00C69257 /* Generator.swift */ = {isa = PBXFileReference; lastKnownFileType = sourcecode.swift; path = Generator.swift; sourceTree = "<group>"; };
		17B31D4F23EFF5C800C69257 /* Settings.swift */ = {isa = PBXFileReference; lastKnownFileType = sourcecode.swift; path = Settings.swift; sourceTree = "<group>"; };
		17B31D5123EFF74600C69257 /* SettingChangedProtocol.swift */ = {isa = PBXFileReference; lastKnownFileType = sourcecode.swift; path = SettingChangedProtocol.swift; sourceTree = "<group>"; };
		17B31D5323EFF9AE00C69257 /* AttributeFactory.swift */ = {isa = PBXFileReference; lastKnownFileType = sourcecode.swift; path = AttributeFactory.swift; sourceTree = "<group>"; };
		17B31D5523EFFAAF00C69257 /* Enums.swift */ = {isa = PBXFileReference; lastKnownFileType = sourcecode.swift; path = Enums.swift; sourceTree = "<group>"; };
		17D5AD2623F3BE39006C295F /* AboutController.swift */ = {isa = PBXFileReference; lastKnownFileType = sourcecode.swift; path = AboutController.swift; sourceTree = "<group>"; };
		17D5AD2823F3BEA1006C295F /* AboutWindow.swift */ = {isa = PBXFileReference; lastKnownFileType = sourcecode.swift; path = AboutWindow.swift; sourceTree = "<group>"; };
		17EB8FFD23E961C600A4C09A /* ImageDelta.metal */ = {isa = PBXFileReference; lastKnownFileType = sourcecode.metal; path = ImageDelta.metal; sourceTree = "<group>"; };
		17EB8FFF23E9639D00A4C09A /* ImageDelta.swift */ = {isa = PBXFileReference; lastKnownFileType = sourcecode.swift; path = ImageDelta.swift; sourceTree = "<group>"; };
		17EB900123E9829E00A4C09A /* FileIO.swift */ = {isa = PBXFileReference; lastKnownFileType = sourcecode.swift; path = FileIO.swift; sourceTree = "<group>"; };
/* End PBXFileReference section */

/* Begin PBXFrameworksBuildPhase section */
		17897B7C23E6A77300AFDA6A /* Frameworks */ = {
			isa = PBXFrameworksBuildPhase;
			buildActionMask = 2147483647;
			files = (
			);
			runOnlyForDeploymentPostprocessing = 0;
		};
/* End PBXFrameworksBuildPhase section */

/* Begin PBXGroup section */
		170A10FE23F10394003D0C1D /* ProgramSettings */ = {
			isa = PBXGroup;
			children = (
				170A10FF23F103AE003D0C1D /* ProgramSettingsWindowController.swift */,
				170A110123F103E8003D0C1D /* ProgramSettingsCode.swift */,
			);
			path = ProgramSettings;
			sourceTree = "<group>";
		};
		1717201423EBE2C600636F3C /* BlockView */ = {
			isa = PBXGroup;
			children = (
				1740A3CA23EBEBB300E29C75 /* OptionalParameters */,
				1717201223EBDF1600636F3C /* BlockView.swift */,
				1717201523EBE2D900636F3C /* Processor.swift */,
				1740A3C623EBE5E500E29C75 /* ProcessingAttributes.swift */,
				17B31D5323EFF9AE00C69257 /* AttributeFactory.swift */,
				17609FCA23F65D5100391FFB /* StatusProtocol.swift */,
			);
			path = BlockView;
			sourceTree = "<group>";
		};
		173C245223ED28AD00270760 /* ShapeDialogs */ = {
			isa = PBXGroup;
			children = (
				173C245923ED29DC00270760 /* OptionsProtocol.swift */,
				173C245323ED28CB00270760 /* NoOptionsCode.swift */,
				173C245B23ED2CBC00270760 /* BlockOptionsCode.swift */,
				172C06E123ED2F9000313C3E /* OvalOptionsCode.swift */,
				172C06E323ED2FE200313C3E /* DiamondOptionsCode.swift */,
				172C06E523ED300D00313C3E /* StarOptionsCode.swift */,
				170DF1E523F6C55F00DDB5D0 /* SphereOptionCode.swift */,
				1732796F23F7E93800EE0213 /* RingOptionCode.swift */,
				172C06E723ED303E00313C3E /* ConeOptionsCode.swift */,
				172C06E923ED307000313C3E /* RadiatingLinesOptionsCode.swift */,
				172C06EB23ED309800313C3E /* CharacterSetOptionsCode.swift */,
				172C06ED23ED30ED00313C3E /* CappedLinesOptionsCode.swift */,
				172C06EF23ED318000313C3E /* StackedShapesOptionsCode.swift */,
				17452EC423FA24AD004888EB /* ContainerController.swift */,
			);
			path = ShapeDialogs;
			sourceTree = "<group>";
		};
		1740A3CA23EBEBB300E29C75 /* OptionalParameters */ = {
			isa = PBXGroup;
			children = (
				1740A3C823EBEB6400E29C75 /* OptionalParameters.swift */,
				1740A3CB23EBEBD400E29C75 /* BlockOptionalParameters.swift */,
				1740A3CD23EBEC5300E29C75 /* CappedLineOptionalParameters.swift */,
				1740A3CF23EBED8500E29C75 /* CharactersOptionalParameters.swift */,
				1740A3D123EBEE6800E29C75 /* EllipseOptionalParameters.swift */,
				1740A3D323EBEF5C00E29C75 /* DiamondOptionalParameters.swift */,
				170DF1E323F6C3E700DDB5D0 /* SphereOptionalParameters.swift */,
				1732796B23F7E47C00EE0213 /* RingOptionalParameters.swift */,
				1740A3D523EBF73000E29C75 /* ConeOptionalParameters.swift */,
				1740A3D723EBF8A900E29C75 /* StarOptionalParameters.swift */,
				1740A3D923EBF96600E29C75 /* StackedShapesOptionalParameters.swift */,
				1740A3DB23EBFA4000E29C75 /* RadiatingLinesOptionalParameters.swift */,
				1740A3DD23EBFB7500E29C75 /* HSBVaryingOptionalParameters.swift */,
			);
			path = OptionalParameters;
			sourceTree = "<group>";
		};
		1740A3DF23EC016C00E29C75 /* Settings */ = {
			isa = PBXGroup;
			children = (
				173C245223ED28AD00270760 /* ShapeDialogs */,
				1740A3E023EC018100E29C75 /* ShapeOptionsCode.swift */,
				172C06F123ED31DC00313C3E /* OptionsDialogs.swift */,
				177BF06A23EE923E00670F40 /* +Lighting.swift */,
				176B898623F9436400EC708B /* ShapeOptionsCode2.swift */,
				177BF06823EE765500670F40 /* GradientFactory.swift */,
				1740A3E223EC01AA00E29C75 /* ShapeOptionsWindowCode.swift */,
				177BF06023EE52CD00670F40 /* ColorSwatchItem.swift */,
				177BF06123EE52CD00670F40 /* ColorSwatchItem.xib */,
				177BF06423EE735000670F40 /* GradientSwatchItem.swift */,
				177BF06523EE735000670F40 /* GradientSwatchItem.xib */,
				1732796D23F7E6D800EE0213 /* Settings.storyboard */,
				176B897F23F9036F00EC708B /* CurrentSettings */,
			);
			path = Settings;
			sourceTree = "<group>";
		};
		17452EC623FA85F8004888EB /* ColorManagement */ = {
			isa = PBXGroup;
			children = (
				17452EC723FA8612004888EB /* Colors.swift */,
				17452EC923FA864E004888EB /* ColorDescription.swift */,
			);
			path = ColorManagement;
			sourceTree = "<group>";
		};
		17609FCC23F660C900391FFB /* AncillaryWindows */ = {
			isa = PBXGroup;
			children = (
				178041C523F3D8AC006E40C1 /* AncillaryWindowProtocol.swift */,
				178041C723F3D959006E40C1 /* AncillaryWindowManagement.swift */,
			);
			path = AncillaryWindows;
			sourceTree = "<group>";
		};
		176B897F23F9036F00EC708B /* CurrentSettings */ = {
			isa = PBXGroup;
			children = (
				176B898023F9039500EC708B /* CurrentCategory.swift */,
				176B898223F9047100EC708B /* ValueItem.swift */,
				176B898423F9094E00EC708B /* CurrentTreeNode.swift */,
			);
			path = CurrentSettings;
			sourceTree = "<group>";
		};
		178041B323F3CF05006E40C1 /* ErrorMessageView */ = {
			isa = PBXGroup;
			children = (
				178041BA23F3D0E6006E40C1 /* ErrorMessageHandling.swift */,
				178041B623F3CF48006E40C1 /* ErrorMessageWindowCode.swift */,
				178041B823F3D000006E40C1 /* ErrorMessageController.swift */,
				178041B423F3CF1C006E40C1 /* ErrorMessage.storyboard */,
			);
			path = ErrorMessageView;
			sourceTree = "<group>";
		};
		178041BC23F3D48B006E40C1 /* DebugView */ = {
			isa = PBXGroup;
			children = (
				178041C323F3D7FD006E40C1 /* DebugUIHandling.swift */,
				178041C123F3D605006E40C1 /* DebugControllerCode.swift */,
				178041BF23F3D5C3006E40C1 /* DebugWindowCode.swift */,
				178041BD23F3D4A6006E40C1 /* DebugWindow.storyboard */,
			);
			path = DebugView;
			sourceTree = "<group>";
		};
		178041CC23F3E970006E40C1 /* Utilities */ = {
			isa = PBXGroup;
			children = (
				178041C923F3DAA1006E40C1 /* Utilities.swift */,
				17EB900123E9829E00A4C09A /* FileIO.swift */,
			);
			path = Utilities;
			sourceTree = "<group>";
		};
		17897B7623E6A77300AFDA6A = {
			isa = PBXGroup;
			children = (
				17897B8123E6A77300AFDA6A /* DeskBlockCam */,
				17897B8023E6A77300AFDA6A /* Products */,
			);
			sourceTree = "<group>";
		};
		17897B8023E6A77300AFDA6A /* Products */ = {
			isa = PBXGroup;
			children = (
				17897B7F23E6A77300AFDA6A /* BlockCam.app */,
			);
			name = Products;
			sourceTree = "<group>";
		};
		17897B8123E6A77300AFDA6A /* DeskBlockCam */ = {
			isa = PBXGroup;
			children = (
				17B31D4E23EFF5AF00C69257 /* SettingsManagement */,
				17452EC623FA85F8004888EB /* ColorManagement */,
				178041CC23F3E970006E40C1 /* Utilities */,
				178041BC23F3D48B006E40C1 /* DebugView */,
				178041B323F3CF05006E40C1 /* ErrorMessageView */,
				17D5AD2523F3BE26006C295F /* About */,
				17B31D4B23EFF17C00C69257 /* Generator */,
				1717201423EBE2C600636F3C /* BlockView */,
				17A446F323E7F3E800D3C571 /* Metal */,
				1740A3DF23EC016C00E29C75 /* Settings */,
				17609FCC23F660C900391FFB /* AncillaryWindows */,
				170A10FE23F10394003D0C1D /* ProgramSettings */,
				17897B8623E6A77500AFDA6A /* Assets.xcassets */,
				17897B8223E6A77300AFDA6A /* AppDelegate.swift */,
				17897B8423E6A77300AFDA6A /* ViewController.swift */,
				17609FC823F64E8E00391FFB /* +StatusView.swift */,
				17897B9623E6EB1D00AFDA6A /* ViewControllerWindow.swift */,
				170A110723F18FB8003D0C1D /* ViewControllerView.swift */,
				17897B8823E6A77500AFDA6A /* Main.storyboard */,
				17B31D5523EFFAAF00C69257 /* Enums.swift */,
				178828A723E90E310041C2D1 /* PSCNNode.swift */,
				1717201023EBD23100636F3C /* Pixellator.swift */,
				17609FCD23F6611700391FFB /* Shrinker.swift */,
				17897B9223E6C74000AFDA6A /* LiveViewer.swift */,
				176E565223EBB50E0001215A /* HistogramDisplay.swift */,
				17897B8B23E6A77500AFDA6A /* Info.plist */,
				17897B8C23E6A77500AFDA6A /* DeskBlockCam.entitlements */,
			);
			path = DeskBlockCam;
			sourceTree = "<group>";
		};
		17A446F323E7F3E800D3C571 /* Metal */ = {
			isa = PBXGroup;
			children = (
				17A446F423E7F40100D3C571 /* ImageReduction.metal */,
				17EB8FFD23E961C600A4C09A /* ImageDelta.metal */,
				17EB8FFF23E9639D00A4C09A /* ImageDelta.swift */,
			);
			path = Metal;
			sourceTree = "<group>";
		};
		17B31D4B23EFF17C00C69257 /* Generator */ = {
			isa = PBXGroup;
			children = (
				17B31D4C23EFF18D00C69257 /* Generator.swift */,
			);
			path = Generator;
			sourceTree = "<group>";
		};
		17B31D4E23EFF5AF00C69257 /* SettingsManagement */ = {
			isa = PBXGroup;
			children = (
				17B31D4F23EFF5C800C69257 /* Settings.swift */,
				17B31D5123EFF74600C69257 /* SettingChangedProtocol.swift */,
			);
			path = SettingsManagement;
			sourceTree = "<group>";
		};
		17D5AD2523F3BE26006C295F /* About */ = {
			isa = PBXGroup;
			children = (
				17D5AD2623F3BE39006C295F /* AboutController.swift */,
				17D5AD2823F3BEA1006C295F /* AboutWindow.swift */,
			);
			path = About;
			sourceTree = "<group>";
		};
/* End PBXGroup section */

/* Begin PBXNativeTarget section */
		17897B7E23E6A77300AFDA6A /* BlockCam */ = {
			isa = PBXNativeTarget;
			buildConfigurationList = 17897B8F23E6A77500AFDA6A /* Build configuration list for PBXNativeTarget "BlockCam" */;
			buildPhases = (
				17897B7B23E6A77300AFDA6A /* Sources */,
				17897B7C23E6A77300AFDA6A /* Frameworks */,
				17897B7D23E6A77300AFDA6A /* Resources */,
			);
			buildRules = (
			);
			dependencies = (
			);
			name = BlockCam;
			productName = DeskBlockCam;
			productReference = 17897B7F23E6A77300AFDA6A /* BlockCam.app */;
			productType = "com.apple.product-type.application";
		};
/* End PBXNativeTarget section */

/* Begin PBXProject section */
		17897B7723E6A77300AFDA6A /* Project object */ = {
			isa = PBXProject;
			attributes = {
				LastSwiftUpdateCheck = 1130;
				LastUpgradeCheck = 1140;
				ORGANIZATIONNAME = "Stuart Rankin";
				TargetAttributes = {
					17897B7E23E6A77300AFDA6A = {
						CreatedOnToolsVersion = 11.3.1;
					};
				};
			};
			buildConfigurationList = 17897B7A23E6A77300AFDA6A /* Build configuration list for PBXProject "DeskBlockCam" */;
			compatibilityVersion = "Xcode 9.3";
			developmentRegion = en;
			hasScannedForEncodings = 0;
			knownRegions = (
				en,
				Base,
			);
			mainGroup = 17897B7623E6A77300AFDA6A;
			productRefGroup = 17897B8023E6A77300AFDA6A /* Products */;
			projectDirPath = "";
			projectRoot = "";
			targets = (
				17897B7E23E6A77300AFDA6A /* BlockCam */,
			);
		};
/* End PBXProject section */

/* Begin PBXResourcesBuildPhase section */
		17897B7D23E6A77300AFDA6A /* Resources */ = {
			isa = PBXResourcesBuildPhase;
			buildActionMask = 2147483647;
			files = (
				177BF06323EE52CD00670F40 /* ColorSwatchItem.xib in Resources */,
				17897B8723E6A77500AFDA6A /* Assets.xcassets in Resources */,
				178041BE23F3D4A6006E40C1 /* DebugWindow.storyboard in Resources */,
				177BF06723EE735000670F40 /* GradientSwatchItem.xib in Resources */,
				17897B8A23E6A77500AFDA6A /* Main.storyboard in Resources */,
				178041B523F3CF1C006E40C1 /* ErrorMessage.storyboard in Resources */,
				1732796E23F7E6D800EE0213 /* Settings.storyboard in Resources */,
			);
			runOnlyForDeploymentPostprocessing = 0;
		};
/* End PBXResourcesBuildPhase section */

/* Begin PBXSourcesBuildPhase section */
		17897B7B23E6A77300AFDA6A /* Sources */ = {
			isa = PBXSourcesBuildPhase;
			buildActionMask = 2147483647;
			files = (
				170A110223F103E8003D0C1D /* ProgramSettingsCode.swift in Sources */,
				178041C023F3D5C3006E40C1 /* DebugWindowCode.swift in Sources */,
				178041C223F3D605006E40C1 /* DebugControllerCode.swift in Sources */,
				176B898123F9039500EC708B /* CurrentCategory.swift in Sources */,
				176E565323EBB50E0001215A /* HistogramDisplay.swift in Sources */,
				172C06E623ED300D00313C3E /* StarOptionsCode.swift in Sources */,
				176B898723F9436400EC708B /* ShapeOptionsCode2.swift in Sources */,
				17452EC523FA24AD004888EB /* ContainerController.swift in Sources */,
				172C06F223ED31DC00313C3E /* OptionsDialogs.swift in Sources */,
				1717201323EBDF1600636F3C /* BlockView.swift in Sources */,
				172C06EC23ED309800313C3E /* CharacterSetOptionsCode.swift in Sources */,
				1740A3DC23EBFA4000E29C75 /* RadiatingLinesOptionalParameters.swift in Sources */,
				170A110823F18FB8003D0C1D /* ViewControllerView.swift in Sources */,
				170DF1E623F6C55F00DDB5D0 /* SphereOptionCode.swift in Sources */,
				172C06EE23ED30ED00313C3E /* CappedLinesOptionsCode.swift in Sources */,
				1740A3DE23EBFB7500E29C75 /* HSBVaryingOptionalParameters.swift in Sources */,
				17B31D5423EFF9AE00C69257 /* AttributeFactory.swift in Sources */,
				178041C823F3D959006E40C1 /* AncillaryWindowManagement.swift in Sources */,
				17EB900023E9639D00A4C09A /* ImageDelta.swift in Sources */,
				172C06F023ED318000313C3E /* StackedShapesOptionsCode.swift in Sources */,
				1732797023F7E93800EE0213 /* RingOptionCode.swift in Sources */,
				1732796C23F7E47C00EE0213 /* RingOptionalParameters.swift in Sources */,
				17609FCE23F6611700391FFB /* Shrinker.swift in Sources */,
				1717201123EBD23100636F3C /* Pixellator.swift in Sources */,
				17897B8523E6A77300AFDA6A /* ViewController.swift in Sources */,
				1740A3D623EBF73000E29C75 /* ConeOptionalParameters.swift in Sources */,
				178041B723F3CF48006E40C1 /* ErrorMessageWindowCode.swift in Sources */,
				177BF06623EE735000670F40 /* GradientSwatchItem.swift in Sources */,
				173C245A23ED29DC00270760 /* OptionsProtocol.swift in Sources */,
				1740A3D023EBED8500E29C75 /* CharactersOptionalParameters.swift in Sources */,
				170DF1E423F6C3E700DDB5D0 /* SphereOptionalParameters.swift in Sources */,
				17452EC823FA8612004888EB /* Colors.swift in Sources */,
				178041CA23F3DAA1006E40C1 /* Utilities.swift in Sources */,
				17EB900223E9829E00A4C09A /* FileIO.swift in Sources */,
				17609FC923F64E8E00391FFB /* +StatusView.swift in Sources */,
				173C245C23ED2CBC00270760 /* BlockOptionsCode.swift in Sources */,
				1740A3C723EBE5E500E29C75 /* ProcessingAttributes.swift in Sources */,
				17B31D5623EFFAAF00C69257 /* Enums.swift in Sources */,
				177BF06223EE52CD00670F40 /* ColorSwatchItem.swift in Sources */,
				17897B9323E6C74000AFDA6A /* LiveViewer.swift in Sources */,
				17897B9723E6EB1D00AFDA6A /* ViewControllerWindow.swift in Sources */,
				178041BB23F3D0E6006E40C1 /* ErrorMessageHandling.swift in Sources */,
				170A110023F103AF003D0C1D /* ProgramSettingsWindowController.swift in Sources */,
				178041C623F3D8AC006E40C1 /* AncillaryWindowProtocol.swift in Sources */,
				1740A3D223EBEE6800E29C75 /* EllipseOptionalParameters.swift in Sources */,
				1717201623EBE2D900636F3C /* Processor.swift in Sources */,
				1740A3CE23EBEC5300E29C75 /* CappedLineOptionalParameters.swift in Sources */,
				172C06EA23ED307000313C3E /* RadiatingLinesOptionsCode.swift in Sources */,
				173C245423ED28CB00270760 /* NoOptionsCode.swift in Sources */,
				172C06E423ED2FE200313C3E /* DiamondOptionsCode.swift in Sources */,
				17A446F523E7F40100D3C571 /* ImageReduction.metal in Sources */,
				1740A3D423EBEF5C00E29C75 /* DiamondOptionalParameters.swift in Sources */,
				178041B923F3D000006E40C1 /* ErrorMessageController.swift in Sources */,
				172C06E823ED303E00313C3E /* ConeOptionsCode.swift in Sources */,
				1740A3E323EC01AA00E29C75 /* ShapeOptionsWindowCode.swift in Sources */,
				17897B8323E6A77300AFDA6A /* AppDelegate.swift in Sources */,
				17EB8FFE23E961C600A4C09A /* ImageDelta.metal in Sources */,
				178828A823E90E310041C2D1 /* PSCNNode.swift in Sources */,
				1740A3CC23EBEBD400E29C75 /* BlockOptionalParameters.swift in Sources */,
				1740A3E123EC018100E29C75 /* ShapeOptionsCode.swift in Sources */,
				176B898523F9094E00EC708B /* CurrentTreeNode.swift in Sources */,
				17B31D5223EFF74600C69257 /* SettingChangedProtocol.swift in Sources */,
				177BF06923EE765500670F40 /* GradientFactory.swift in Sources */,
				176B898323F9047100EC708B /* ValueItem.swift in Sources */,
				17D5AD2723F3BE39006C295F /* AboutController.swift in Sources */,
				1740A3DA23EBF96600E29C75 /* StackedShapesOptionalParameters.swift in Sources */,
				17B31D5023EFF5C800C69257 /* Settings.swift in Sources */,
				172C06E223ED2F9000313C3E /* OvalOptionsCode.swift in Sources */,
				17452ECA23FA864E004888EB /* ColorDescription.swift in Sources */,
				17609FCB23F65D5100391FFB /* StatusProtocol.swift in Sources */,
				177BF06B23EE923E00670F40 /* +Lighting.swift in Sources */,
				1740A3C923EBEB6400E29C75 /* OptionalParameters.swift in Sources */,
				178041C423F3D7FD006E40C1 /* DebugUIHandling.swift in Sources */,
				17B31D4D23EFF18D00C69257 /* Generator.swift in Sources */,
				1740A3D823EBF8A900E29C75 /* StarOptionalParameters.swift in Sources */,
				17D5AD2923F3BEA1006C295F /* AboutWindow.swift in Sources */,
			);
			runOnlyForDeploymentPostprocessing = 0;
		};
/* End PBXSourcesBuildPhase section */

/* Begin PBXVariantGroup section */
		17897B8823E6A77500AFDA6A /* Main.storyboard */ = {
			isa = PBXVariantGroup;
			children = (
				17897B8923E6A77500AFDA6A /* Base */,
			);
			name = Main.storyboard;
			sourceTree = "<group>";
		};
/* End PBXVariantGroup section */

/* Begin XCBuildConfiguration section */
		17897B8D23E6A77500AFDA6A /* Debug */ = {
			isa = XCBuildConfiguration;
			buildSettings = {
				ALWAYS_SEARCH_USER_PATHS = NO;
				CLANG_ANALYZER_NONNULL = YES;
				CLANG_ANALYZER_NUMBER_OBJECT_CONVERSION = YES_AGGRESSIVE;
				CLANG_CXX_LANGUAGE_STANDARD = "gnu++14";
				CLANG_CXX_LIBRARY = "libc++";
				CLANG_ENABLE_MODULES = YES;
				CLANG_ENABLE_OBJC_ARC = YES;
				CLANG_ENABLE_OBJC_WEAK = YES;
				CLANG_WARN_BLOCK_CAPTURE_AUTORELEASING = YES;
				CLANG_WARN_BOOL_CONVERSION = YES;
				CLANG_WARN_COMMA = YES;
				CLANG_WARN_CONSTANT_CONVERSION = YES;
				CLANG_WARN_DEPRECATED_OBJC_IMPLEMENTATIONS = YES;
				CLANG_WARN_DIRECT_OBJC_ISA_USAGE = YES_ERROR;
				CLANG_WARN_DOCUMENTATION_COMMENTS = YES;
				CLANG_WARN_EMPTY_BODY = YES;
				CLANG_WARN_ENUM_CONVERSION = YES;
				CLANG_WARN_INFINITE_RECURSION = YES;
				CLANG_WARN_INT_CONVERSION = YES;
				CLANG_WARN_NON_LITERAL_NULL_CONVERSION = YES;
				CLANG_WARN_OBJC_IMPLICIT_RETAIN_SELF = YES;
				CLANG_WARN_OBJC_LITERAL_CONVERSION = YES;
				CLANG_WARN_OBJC_ROOT_CLASS = YES_ERROR;
				CLANG_WARN_RANGE_LOOP_ANALYSIS = YES;
				CLANG_WARN_STRICT_PROTOTYPES = YES;
				CLANG_WARN_SUSPICIOUS_MOVE = YES;
				CLANG_WARN_UNGUARDED_AVAILABILITY = YES_AGGRESSIVE;
				CLANG_WARN_UNREACHABLE_CODE = YES;
				CLANG_WARN__DUPLICATE_METHOD_MATCH = YES;
				COPY_PHASE_STRIP = NO;
				DEBUG_INFORMATION_FORMAT = dwarf;
				ENABLE_STRICT_OBJC_MSGSEND = YES;
				ENABLE_TESTABILITY = YES;
				GCC_C_LANGUAGE_STANDARD = gnu11;
				GCC_DYNAMIC_NO_PIC = NO;
				GCC_NO_COMMON_BLOCKS = YES;
				GCC_OPTIMIZATION_LEVEL = 0;
				GCC_PREPROCESSOR_DEFINITIONS = (
					"DEBUG=1",
					"$(inherited)",
				);
				GCC_WARN_64_TO_32_BIT_CONVERSION = YES;
				GCC_WARN_ABOUT_RETURN_TYPE = YES_ERROR;
				GCC_WARN_UNDECLARED_SELECTOR = YES;
				GCC_WARN_UNINITIALIZED_AUTOS = YES_AGGRESSIVE;
				GCC_WARN_UNUSED_FUNCTION = YES;
				GCC_WARN_UNUSED_VARIABLE = YES;
				MACOSX_DEPLOYMENT_TARGET = 10.15;
				MTL_ENABLE_DEBUG_INFO = INCLUDE_SOURCE;
				MTL_FAST_MATH = YES;
				ONLY_ACTIVE_ARCH = YES;
				PRODUCT_NAME = "";
				SDKROOT = macosx;
				SWIFT_ACTIVE_COMPILATION_CONDITIONS = DEBUG;
				SWIFT_OPTIMIZATION_LEVEL = "-Onone";
			};
			name = Debug;
		};
		17897B8E23E6A77500AFDA6A /* Release */ = {
			isa = XCBuildConfiguration;
			buildSettings = {
				ALWAYS_SEARCH_USER_PATHS = NO;
				CLANG_ANALYZER_NONNULL = YES;
				CLANG_ANALYZER_NUMBER_OBJECT_CONVERSION = YES_AGGRESSIVE;
				CLANG_CXX_LANGUAGE_STANDARD = "gnu++14";
				CLANG_CXX_LIBRARY = "libc++";
				CLANG_ENABLE_MODULES = YES;
				CLANG_ENABLE_OBJC_ARC = YES;
				CLANG_ENABLE_OBJC_WEAK = YES;
				CLANG_WARN_BLOCK_CAPTURE_AUTORELEASING = YES;
				CLANG_WARN_BOOL_CONVERSION = YES;
				CLANG_WARN_COMMA = YES;
				CLANG_WARN_CONSTANT_CONVERSION = YES;
				CLANG_WARN_DEPRECATED_OBJC_IMPLEMENTATIONS = YES;
				CLANG_WARN_DIRECT_OBJC_ISA_USAGE = YES_ERROR;
				CLANG_WARN_DOCUMENTATION_COMMENTS = YES;
				CLANG_WARN_EMPTY_BODY = YES;
				CLANG_WARN_ENUM_CONVERSION = YES;
				CLANG_WARN_INFINITE_RECURSION = YES;
				CLANG_WARN_INT_CONVERSION = YES;
				CLANG_WARN_NON_LITERAL_NULL_CONVERSION = YES;
				CLANG_WARN_OBJC_IMPLICIT_RETAIN_SELF = YES;
				CLANG_WARN_OBJC_LITERAL_CONVERSION = YES;
				CLANG_WARN_OBJC_ROOT_CLASS = YES_ERROR;
				CLANG_WARN_RANGE_LOOP_ANALYSIS = YES;
				CLANG_WARN_STRICT_PROTOTYPES = YES;
				CLANG_WARN_SUSPICIOUS_MOVE = YES;
				CLANG_WARN_UNGUARDED_AVAILABILITY = YES_AGGRESSIVE;
				CLANG_WARN_UNREACHABLE_CODE = YES;
				CLANG_WARN__DUPLICATE_METHOD_MATCH = YES;
				COPY_PHASE_STRIP = NO;
				DEBUG_INFORMATION_FORMAT = "dwarf-with-dsym";
				ENABLE_NS_ASSERTIONS = NO;
				ENABLE_STRICT_OBJC_MSGSEND = YES;
				GCC_C_LANGUAGE_STANDARD = gnu11;
				GCC_NO_COMMON_BLOCKS = YES;
				GCC_WARN_64_TO_32_BIT_CONVERSION = YES;
				GCC_WARN_ABOUT_RETURN_TYPE = YES_ERROR;
				GCC_WARN_UNDECLARED_SELECTOR = YES;
				GCC_WARN_UNINITIALIZED_AUTOS = YES_AGGRESSIVE;
				GCC_WARN_UNUSED_FUNCTION = YES;
				GCC_WARN_UNUSED_VARIABLE = YES;
				MACOSX_DEPLOYMENT_TARGET = 10.15;
				MTL_ENABLE_DEBUG_INFO = INCLUDE_SOURCE;
				MTL_FAST_MATH = YES;
				PRODUCT_NAME = "";
				SDKROOT = macosx;
				SWIFT_COMPILATION_MODE = wholemodule;
				SWIFT_OPTIMIZATION_LEVEL = "-O";
			};
			name = Release;
		};
		17897B9023E6A77500AFDA6A /* Debug */ = {
			isa = XCBuildConfiguration;
			buildSettings = {
				ASSETCATALOG_COMPILER_APPICON_NAME = AppIcon;
				CODE_SIGN_ENTITLEMENTS = DeskBlockCam/DeskBlockCam.entitlements;
				CODE_SIGN_IDENTITY = "-";
				CODE_SIGN_STYLE = Automatic;
				COMBINE_HIDPI_IMAGES = YES;
				DEVELOPMENT_TEAM = 4BB235M4GL;
				ENABLE_HARDENED_RUNTIME = NO;
				INFOPLIST_FILE = DeskBlockCam/Info.plist;
				LD_RUNPATH_SEARCH_PATHS = (
					"$(inherited)",
					"@executable_path/../Frameworks",
				);
				PRODUCT_BUNDLE_IDENTIFIER = Irorio.DeskBlockCam;
				PRODUCT_NAME = "$(TARGET_NAME)";
				SWIFT_VERSION = 5.0;
			};
			name = Debug;
		};
		17897B9123E6A77500AFDA6A /* Release */ = {
			isa = XCBuildConfiguration;
			buildSettings = {
				ASSETCATALOG_COMPILER_APPICON_NAME = AppIcon;
				CODE_SIGN_ENTITLEMENTS = DeskBlockCam/DeskBlockCam.entitlements;
				CODE_SIGN_IDENTITY = "-";
				CODE_SIGN_STYLE = Automatic;
				COMBINE_HIDPI_IMAGES = YES;
				DEVELOPMENT_TEAM = 4BB235M4GL;
				ENABLE_HARDENED_RUNTIME = NO;
				INFOPLIST_FILE = DeskBlockCam/Info.plist;
				LD_RUNPATH_SEARCH_PATHS = (
					"$(inherited)",
					"@executable_path/../Frameworks",
				);
				PRODUCT_BUNDLE_IDENTIFIER = Irorio.DeskBlockCam;
				PRODUCT_NAME = "$(TARGET_NAME)";
				SWIFT_VERSION = 5.0;
			};
			name = Release;
		};
/* End XCBuildConfiguration section */

/* Begin XCConfigurationList section */
		17897B7A23E6A77300AFDA6A /* Build configuration list for PBXProject "DeskBlockCam" */ = {
			isa = XCConfigurationList;
			buildConfigurations = (
				17897B8D23E6A77500AFDA6A /* Debug */,
				17897B8E23E6A77500AFDA6A /* Release */,
			);
			defaultConfigurationIsVisible = 0;
			defaultConfigurationName = Release;
		};
		17897B8F23E6A77500AFDA6A /* Build configuration list for PBXNativeTarget "BlockCam" */ = {
			isa = XCConfigurationList;
			buildConfigurations = (
				17897B9023E6A77500AFDA6A /* Debug */,
				17897B9123E6A77500AFDA6A /* Release */,
			);
			defaultConfigurationIsVisible = 0;
			defaultConfigurationName = Release;
		};
/* End XCConfigurationList section */
	};
	rootObject = 17897B7723E6A77300AFDA6A /* Project object */;
}
